
Microsoft Visual Studio Solution File, Format Version 12.00
# Visual Studio Version 16
VisualStudioVersion = 16.0.30204.135
MinimumVisualStudioVersion = 10.0.40219.1
Project("{9A19103F-16F7-4668-BE54-9A1E7A4F7556}") = "DemoMLNetObjectDetectionConsoleApp", "DemoMLNetObjectDetectionConsoleApp\DemoMLNetObjectDetectionConsoleApp.csproj", "{3E102E42-F2AD-41DA-AAB4-87E3D03DBB8A}"
EndProject
Project("{9A19103F-16F7-4668-BE54-9A1E7A4F7556}") = "DemoMLNetObjectDetectionWebApp", "DemoMLNetObjectDetectionWebApp\DemoMLNetObjectDetectionWebApp.csproj", "{375D190A-52A5-47B9-80EE-E4A9DA143CB3}"
EndProject
Project("{9A19103F-16F7-4668-BE54-9A1E7A4F7556}") = "DemoMLNetSentimentAnalysisConsoleApp", "DemoMLNetSentimentAnalysisConsoleApp\DemoMLNetSentimentAnalysisConsoleApp.csproj", "{F84A9FE1-53FD-4BC7-946A-3631D6779D5F}"
EndProject
Project("{9A19103F-16F7-4668-BE54-9A1E7A4F7556}") = "DataGathererTrudCC", "DataGathererTrudCC\DataGathererTrudCC.csproj", "{42BBE73D-9F46-4C30-8826-128C5BA54DB9}"
EndProject
Project("{9A19103F-16F7-4668-BE54-9A1E7A4F7556}") = "DemoMLNetMultiClassificationConsoleApp", "DemoMLNetMulticlassClassificationConsoleApp\DemoMLNetMultiClassificationConsoleApp.csproj", "{C1E87115-EFEA-477F-A288-4B1BD2B1973C}"
EndProject
Project("{9A19103F-16F7-4668-BE54-9A1E7A4F7556}") = "DataGathererFlagmanBg", "DataGathererFlagmanBg\DataGathererFlagmanBg.csproj", "{F33C7D37-CCA4-4CB3-9EDD-4F6E944A315D}"
EndProject
Project("{9A19103F-16F7-4668-BE54-9A1E7A4F7556}") = "DataGathererStorytelCom", "DataGathererStorytelCom\DataGathererStorytelCom.csproj", "{22CF82BE-4BD2-4D55-9A48-DC46E710A016}"
EndProject
Project("{9A19103F-16F7-4668-BE54-9A1E7A4F7556}") = "DemoMLNetRegressionConsoleApp", "DemoMLNetRegressionConsoleApp\DemoMLNetRegressionConsoleApp.csproj", "{C3D9B321-DAAF-4F04-B436-835EFE7A51FC}"
EndProject
Global
	GlobalSection(SolutionConfigurationPlatforms) = preSolution
		Debug|Any CPU = Debug|Any CPU
		Release|Any CPU = Release|Any CPU
	EndGlobalSection
	GlobalSection(ProjectConfigurationPlatforms) = postSolution
		{3E102E42-F2AD-41DA-AAB4-87E3D03DBB8A}.Debug|Any CPU.ActiveCfg = Debug|Any CPU
		{3E102E42-F2AD-41DA-AAB4-87E3D03DBB8A}.Debug|Any CPU.Build.0 = Debug|Any CPU
		{3E102E42-F2AD-41DA-AAB4-87E3D03DBB8A}.Release|Any CPU.ActiveCfg = Release|Any CPU
		{3E102E42-F2AD-41DA-AAB4-87E3D03DBB8A}.Release|Any CPU.Build.0 = Release|Any CPU
		{375D190A-52A5-47B9-80EE-E4A9DA143CB3}.Debug|Any CPU.ActiveCfg = Debug|Any CPU
		{375D190A-52A5-47B9-80EE-E4A9DA143CB3}.Debug|Any CPU.Build.0 = Debug|Any CPU
		{375D190A-52A5-47B9-80EE-E4A9DA143CB3}.Release|Any CPU.ActiveCfg = Release|Any CPU
		{375D190A-52A5-47B9-80EE-E4A9DA143CB3}.Release|Any CPU.Build.0 = Release|Any CPU
		{F84A9FE1-53FD-4BC7-946A-3631D6779D5F}.Debug|Any CPU.ActiveCfg = Debug|Any CPU
		{F84A9FE1-53FD-4BC7-946A-3631D6779D5F}.Debug|Any CPU.Build.0 = Debug|Any CPU
		{F84A9FE1-53FD-4BC7-946A-3631D6779D5F}.Release|Any CPU.ActiveCfg = Release|Any CPU
		{F84A9FE1-53FD-4BC7-946A-3631D6779D5F}.Release|Any CPU.Build.0 = Release|Any CPU
		{42BBE73D-9F46-4C30-8826-128C5BA54DB9}.Debug|Any CPU.ActiveCfg = Debug|Any CPU
		{42BBE73D-9F46-4C30-8826-128C5BA54DB9}.Debug|Any CPU.Build.0 = Debug|Any CPU
		{42BBE73D-9F46-4C30-8826-128C5BA54DB9}.Release|Any CPU.ActiveCfg = Release|Any CPU
		{42BBE73D-9F46-4C30-8826-128C5BA54DB9}.Release|Any CPU.Build.0 = Release|Any CPU
		{C1E87115-EFEA-477F-A288-4B1BD2B1973C}.Debug|Any CPU.ActiveCfg = Debug|Any CPU
		{C1E87115-EFEA-477F-A288-4B1BD2B1973C}.Debug|Any CPU.Build.0 = Debug|Any CPU
		{C1E87115-EFEA-477F-A288-4B1BD2B1973C}.Release|Any CPU.ActiveCfg = Release|Any CPU
		{C1E87115-EFEA-477F-A288-4B1BD2B1973C}.Release|Any CPU.Build.0 = Release|Any CPU
		{F33C7D37-CCA4-4CB3-9EDD-4F6E944A315D}.Debug|Any CPU.ActiveCfg = Debug|Any CPU
		{F33C7D37-CCA4-4CB3-9EDD-4F6E944A315D}.Debug|Any CPU.Build.0 = Debug|Any CPU
		{F33C7D37-CCA4-4CB3-9EDD-4F6E944A315D}.Release|Any CPU.ActiveCfg = Release|Any CPU
		{F33C7D37-CCA4-4CB3-9EDD-4F6E944A315D}.Release|Any CPU.Build.0 = Release|Any CPU
		{22CF82BE-4BD2-4D55-9A48-DC46E710A016}.Debug|Any CPU.ActiveCfg = Debug|Any CPU
		{22CF82BE-4BD2-4D55-9A48-DC46E710A016}.Debug|Any CPU.Build.0 = Debug|Any CPU
		{22CF82BE-4BD2-4D55-9A48-DC46E710A016}.Release|Any CPU.ActiveCfg = Release|Any CPU
		{22CF82BE-4BD2-4D55-9A48-DC46E710A016}.Release|Any CPU.Build.0 = Release|Any CPU
		{C3D9B321-DAAF-4F04-B436-835EFE7A51FC}.Debug|Any CPU.ActiveCfg = Debug|Any CPU
		{C3D9B321-DAAF-4F04-B436-835EFE7A51FC}.Debug|Any CPU.Build.0 = Debug|Any CPU
		{C3D9B321-DAAF-4F04-B436-835EFE7A51FC}.Release|Any CPU.ActiveCfg = Release|Any CPU
		{C3D9B321-DAAF-4F04-B436-835EFE7A51FC}.Release|Any CPU.Build.0 = Release|Any CPU
	EndGlobalSection
	GlobalSection(SolutionProperties) = preSolution
		HideSolutionNode = FALSE
	EndGlobalSection
	GlobalSection(ExtensibilityGlobals) = postSolution
		SolutionGuid = {2334CF8B-B4DA-4297-8ED0-EF87A6C5893D}
	EndGlobalSection
EndGlobal
