
Microsoft Visual Studio Solution File, Format Version 12.00
# Visual Studio Version 16
VisualStudioVersion = 16.0.30204.135
MinimumVisualStudioVersion = 10.0.40219.1
Project("{2150E333-8FDC-42A3-9474-1A3956D46DE8}") = "Data", "Data", "{45651179-E95F-4C3C-9644-06BED1111401}"
EndProject
Project("{2150E333-8FDC-42A3-9474-1A3956D46DE8}") = "Tasks", "Tasks", "{56C2B730-E96C-4FE1-9CD7-A4897BEB453B}"
EndProject
Project("{2150E333-8FDC-42A3-9474-1A3956D46DE8}") = "BinaryClassification", "BinaryClassification", "{0CDD7603-6A24-4D4D-AB8F-D91ECBEEB865}"
EndProject
Project("{2150E333-8FDC-42A3-9474-1A3956D46DE8}") = "ObjectDetection", "ObjectDetection", "{1363EF57-D324-4075-A129-4D4B1F916C37}"
EndProject
Project("{2150E333-8FDC-42A3-9474-1A3956D46DE8}") = "Regression", "Regression", "{1A558732-9903-4E82-A5AE-53FC4907E841}"
EndProject
Project("{2150E333-8FDC-42A3-9474-1A3956D46DE8}") = "MulticlassClassification", "MulticlassClassification", "{9E4EABB5-B8A1-41D1-BD83-4D2E92C78728}"
EndProject
Project("{9A19103F-16F7-4668-BE54-9A1E7A4F7556}") = "DemoMLNet.Tasks.BinaryClassification", "Tasks\Tasks.BinaryClassification\DemoMLNet.Tasks.BinaryClassification.csproj", "{A255969E-549A-40F1-A333-B3D48F76B977}"
EndProject
Project("{9A19103F-16F7-4668-BE54-9A1E7A4F7556}") = "DemoMLNet.Tasks.MulticlassClassification", "Tasks\Tasks.MulticlassClassification\DemoMLNet.Tasks.MulticlassClassification.csproj", "{A8BE500E-A984-415E-A6D3-90CFFE9D1E7F}"
EndProject
Project("{9A19103F-16F7-4668-BE54-9A1E7A4F7556}") = "DemoMLNet.Tasks.ObjectDetection.Console", "Tasks\Tasks.ObjectDetection\DemoMLNet.Task.ObjectDetection.Console\DemoMLNet.Tasks.ObjectDetection.Console.csproj", "{85899CE0-972B-448C-9CAC-CEA8A903FCCD}"
EndProject
Project("{9A19103F-16F7-4668-BE54-9A1E7A4F7556}") = "DemoMLNet.Tasks.ObjectDetection.Web", "Tasks\Tasks.ObjectDetection\DemoMLNet.Task.ObjectDetection.Web\DemoMLNet.Tasks.ObjectDetection.Web.csproj", "{C5EE4EE0-3651-4330-AA8D-6668FE0223D1}"
EndProject
Project("{9A19103F-16F7-4668-BE54-9A1E7A4F7556}") = "DemoMLNet.Tasks.Regression", "Tasks\Tasks.Regression\DemoMLNet.Tasks.Regression.csproj", "{8F1D2594-0186-4790-BB77-F1B6F36D60AB}"
EndProject
Project("{9A19103F-16F7-4668-BE54-9A1E7A4F7556}") = "DemoMLNet.Data.Gatherer", "Data\Data.Gatherer\DemoMLNet.Data.Gatherer.csproj", "{9870A04C-9553-4315-85C4-1F1C16956F23}"
EndProject
Project("{2150E333-8FDC-42A3-9474-1A3956D46DE8}") = "Recommendation", "Recommendation", "{A8D6E50A-5743-4AE1-866F-8A9FDA5C8A20}"
EndProject
Project("{2150E333-8FDC-42A3-9474-1A3956D46DE8}") = "Anomaly Detection", "Anomaly Detection", "{BA7B87C2-9123-43D3-AD46-54B27312A20F}"
EndProject
Project("{2150E333-8FDC-42A3-9474-1A3956D46DE8}") = "Ranking", "Ranking", "{C7DE6FFB-A3FA-44CF-9A07-80C0C4559E72}"
EndProject
Project("{2150E333-8FDC-42A3-9474-1A3956D46DE8}") = "Clustering", "Clustering", "{AAAFCB89-2D5D-48DB-A063-7030D815F47F}"
EndProject
Project("{2150E333-8FDC-42A3-9474-1A3956D46DE8}") = "Forecasting", "Forecasting", "{E0885E9B-6596-44A0-8256-E9AED982C152}"
EndProject
Project("{9A19103F-16F7-4668-BE54-9A1E7A4F7556}") = "DemoMLNet.Tasks.Recommendation", "Tasks\Tasks.Recommendation\DemoMLNet.Tasks.Recommendation.csproj", "{07CE97C3-4F67-4144-82F0-883A00842B6E}"
EndProject
Global
	GlobalSection(SolutionConfigurationPlatforms) = preSolution
		Debug|Any CPU = Debug|Any CPU
		Release|Any CPU = Release|Any CPU
	EndGlobalSection
	GlobalSection(ProjectConfigurationPlatforms) = postSolution
		{A255969E-549A-40F1-A333-B3D48F76B977}.Debug|Any CPU.ActiveCfg = Debug|Any CPU
		{A255969E-549A-40F1-A333-B3D48F76B977}.Debug|Any CPU.Build.0 = Debug|Any CPU
		{A255969E-549A-40F1-A333-B3D48F76B977}.Release|Any CPU.ActiveCfg = Release|Any CPU
		{A255969E-549A-40F1-A333-B3D48F76B977}.Release|Any CPU.Build.0 = Release|Any CPU
		{A8BE500E-A984-415E-A6D3-90CFFE9D1E7F}.Debug|Any CPU.ActiveCfg = Debug|Any CPU
		{A8BE500E-A984-415E-A6D3-90CFFE9D1E7F}.Debug|Any CPU.Build.0 = Debug|Any CPU
		{A8BE500E-A984-415E-A6D3-90CFFE9D1E7F}.Release|Any CPU.ActiveCfg = Release|Any CPU
		{A8BE500E-A984-415E-A6D3-90CFFE9D1E7F}.Release|Any CPU.Build.0 = Release|Any CPU
		{85899CE0-972B-448C-9CAC-CEA8A903FCCD}.Debug|Any CPU.ActiveCfg = Debug|Any CPU
		{85899CE0-972B-448C-9CAC-CEA8A903FCCD}.Debug|Any CPU.Build.0 = Debug|Any CPU
		{85899CE0-972B-448C-9CAC-CEA8A903FCCD}.Release|Any CPU.ActiveCfg = Release|Any CPU
		{85899CE0-972B-448C-9CAC-CEA8A903FCCD}.Release|Any CPU.Build.0 = Release|Any CPU
		{C5EE4EE0-3651-4330-AA8D-6668FE0223D1}.Debug|Any CPU.ActiveCfg = Debug|Any CPU
		{C5EE4EE0-3651-4330-AA8D-6668FE0223D1}.Debug|Any CPU.Build.0 = Debug|Any CPU
		{C5EE4EE0-3651-4330-AA8D-6668FE0223D1}.Release|Any CPU.ActiveCfg = Release|Any CPU
		{C5EE4EE0-3651-4330-AA8D-6668FE0223D1}.Release|Any CPU.Build.0 = Release|Any CPU
		{8F1D2594-0186-4790-BB77-F1B6F36D60AB}.Debug|Any CPU.ActiveCfg = Debug|Any CPU
		{8F1D2594-0186-4790-BB77-F1B6F36D60AB}.Debug|Any CPU.Build.0 = Debug|Any CPU
		{8F1D2594-0186-4790-BB77-F1B6F36D60AB}.Release|Any CPU.ActiveCfg = Release|Any CPU
		{8F1D2594-0186-4790-BB77-F1B6F36D60AB}.Release|Any CPU.Build.0 = Release|Any CPU
		{9870A04C-9553-4315-85C4-1F1C16956F23}.Debug|Any CPU.ActiveCfg = Debug|Any CPU
		{9870A04C-9553-4315-85C4-1F1C16956F23}.Debug|Any CPU.Build.0 = Debug|Any CPU
		{9870A04C-9553-4315-85C4-1F1C16956F23}.Release|Any CPU.ActiveCfg = Release|Any CPU
		{9870A04C-9553-4315-85C4-1F1C16956F23}.Release|Any CPU.Build.0 = Release|Any CPU
		{07CE97C3-4F67-4144-82F0-883A00842B6E}.Debug|Any CPU.ActiveCfg = Debug|Any CPU
		{07CE97C3-4F67-4144-82F0-883A00842B6E}.Debug|Any CPU.Build.0 = Debug|Any CPU
		{07CE97C3-4F67-4144-82F0-883A00842B6E}.Release|Any CPU.ActiveCfg = Release|Any CPU
		{07CE97C3-4F67-4144-82F0-883A00842B6E}.Release|Any CPU.Build.0 = Release|Any CPU
	EndGlobalSection
	GlobalSection(SolutionProperties) = preSolution
		HideSolutionNode = FALSE
	EndGlobalSection
	GlobalSection(NestedProjects) = preSolution
		{0CDD7603-6A24-4D4D-AB8F-D91ECBEEB865} = {56C2B730-E96C-4FE1-9CD7-A4897BEB453B}
		{1363EF57-D324-4075-A129-4D4B1F916C37} = {56C2B730-E96C-4FE1-9CD7-A4897BEB453B}
		{1A558732-9903-4E82-A5AE-53FC4907E841} = {56C2B730-E96C-4FE1-9CD7-A4897BEB453B}
		{9E4EABB5-B8A1-41D1-BD83-4D2E92C78728} = {56C2B730-E96C-4FE1-9CD7-A4897BEB453B}
		{A255969E-549A-40F1-A333-B3D48F76B977} = {0CDD7603-6A24-4D4D-AB8F-D91ECBEEB865}
		{A8BE500E-A984-415E-A6D3-90CFFE9D1E7F} = {9E4EABB5-B8A1-41D1-BD83-4D2E92C78728}
		{85899CE0-972B-448C-9CAC-CEA8A903FCCD} = {1363EF57-D324-4075-A129-4D4B1F916C37}
		{C5EE4EE0-3651-4330-AA8D-6668FE0223D1} = {1363EF57-D324-4075-A129-4D4B1F916C37}
		{8F1D2594-0186-4790-BB77-F1B6F36D60AB} = {1A558732-9903-4E82-A5AE-53FC4907E841}
		{9870A04C-9553-4315-85C4-1F1C16956F23} = {45651179-E95F-4C3C-9644-06BED1111401}
		{A8D6E50A-5743-4AE1-866F-8A9FDA5C8A20} = {56C2B730-E96C-4FE1-9CD7-A4897BEB453B}
		{BA7B87C2-9123-43D3-AD46-54B27312A20F} = {56C2B730-E96C-4FE1-9CD7-A4897BEB453B}
		{C7DE6FFB-A3FA-44CF-9A07-80C0C4559E72} = {56C2B730-E96C-4FE1-9CD7-A4897BEB453B}
		{AAAFCB89-2D5D-48DB-A063-7030D815F47F} = {56C2B730-E96C-4FE1-9CD7-A4897BEB453B}
		{E0885E9B-6596-44A0-8256-E9AED982C152} = {56C2B730-E96C-4FE1-9CD7-A4897BEB453B}
		{07CE97C3-4F67-4144-82F0-883A00842B6E} = {A8D6E50A-5743-4AE1-866F-8A9FDA5C8A20}
	EndGlobalSection
	GlobalSection(ExtensibilityGlobals) = postSolution
		SolutionGuid = {2334CF8B-B4DA-4297-8ED0-EF87A6C5893D}
	EndGlobalSection
EndGlobal
